{
  "name": "x402-safe-fetch",
  "version": "0.1.0",
  "lockfileVersion": 3,
  "requires": true,
  "packages": {
    "": {
      "name": "x402-safe-fetch",
      "version": "0.1.0",
      "license": "MIT",
      "devDependencies": {
        "@x402/fetch": "^2.27.0"
      },
      "engines": {
        "node": ">=20"
      },
      "peerDependencies": {
        "@x402/fetch": "^2.27.0"
      }
    },
    "node_modules/@x402/core": {
      "version": "2.27.0",
      "resolved": "https://registry.npmjs.org/@x402/core/-/core-2.27.0.tgz",
      "integrity": "sha512-UbxCKnoTsg5nQX9fYER3g9tt5l80jHm1IZOmDczQRqE0cwskls5r+VAAj0iUQfHVshnpv0qo/rLFI7UntqL96g==",
      "dev": true,
      "license": "Apache-2.0",
      "dependencies": {
        "zod": "^3.24.2"
      }
    },
    "node_modules/@x402/fetch": {
      "version": "2.27.0",
      "resolved": "https://registry.npmjs.org/@x402/fetch/-/fetch-2.27.0.tgz",
      "integrity": "sha512-lHJsvBLGRTVw2tVBKyiNfnjrTqqXbks6QKAuFMUGlyBgm6ErcZKaW804jqXUpGOSt+UPHscbbkLclEWHrk5gcQ==",
      "dev": true,
      "license": "Apache-2.0",
      "dependencies": {
        "@x402/core": "~2.27.0"
      }
    },
    "node_modules/zod": {
      "version": "3.25.76",
      "resolved": "https://registry.npmjs.org/zod/-/zod-3.25.76.tgz",
      "integrity": "sha512-gzUt/qt81nXsFGKIFcC3YnfEAx5NkunCfnDlvuBSSFS02bcXu4Lmea0AFIUwbLWxWPx3d9p8S5QoaujKcNQxcQ==",
      "dev": true,
      "license": "MIT",
      "funding": {
        "url": "https://github.com/sponsors/colinhacks"
      }
    }
  }
}
